
Microsoft Visual Studio Solution File, Format Version 12.00
# Visual Studio Version 16
VisualStudioVersion = 16.0.30717.126
MinimumVisualStudioVersion = 10.0.40219.1
Project("{888888A0-9F3D-457C-B088-3A5042F75D52}") = "Ordena", "Ordena.pyproj", "{16DEE8E9-A851-4732-9127-6164C6B3E3AF}"
EndProject
Global
	GlobalSection(SolutionConfigurationPlatforms) = preSolution
		Debug|Any CPU = Debug|Any CPU
		Release|Any CPU = Release|Any CPU
	EndGlobalSection
	GlobalSection(ProjectConfigurationPlatforms) = postSolution
		{16DEE8E9-A851-4732-9127-6164C6B3E3AF}.Debug|Any CPU.ActiveCfg = Debug|Any CPU
		{16DEE8E9-A851-4732-9127-6164C6B3E3AF}.Release|Any CPU.ActiveCfg = Release|Any CPU
	EndGlobalSection
	GlobalSection(SolutionProperties) = preSolution
		HideSolutionNode = FALSE
	EndGlobalSection
	GlobalSection(ExtensibilityGlobals) = postSolution
		SolutionGuid = {A323B99C-3C66-4DF7-BD11-324DEB84486E}
	EndGlobalSection
EndGlobal
